
Microsoft Visual Studio Solution File, Format Version 12.00
# Visual Studio 15
VisualStudioVersion = 15.0.28307.1525
MinimumVisualStudioVersion = 10.0.40219.1
Project("{FAE04EC0-301F-11D3-BF4B-00C04F79EFBC}") = "AutomationTemplate", "AutomationTemplate\AutomationTemplate.csproj", "{967FDD8E-4920-4F2C-A8B7-4AA876E1D316}"
EndProject
Global
	GlobalSection(SolutionConfigurationPlatforms) = preSolution
		Debug|Any CPU = Debug|Any CPU
		Release|Any CPU = Release|Any CPU
	EndGlobalSection
	GlobalSection(ProjectConfigurationPlatforms) = postSolution
		{967FDD8E-4920-4F2C-A8B7-4AA876E1D316}.Debug|Any CPU.ActiveCfg = Debug|Any CPU
		{967FDD8E-4920-4F2C-A8B7-4AA876E1D316}.Debug|Any CPU.Build.0 = Debug|Any CPU
		{967FDD8E-4920-4F2C-A8B7-4AA876E1D316}.Release|Any CPU.ActiveCfg = Release|Any CPU
		{967FDD8E-4920-4F2C-A8B7-4AA876E1D316}.Release|Any CPU.Build.0 = Release|Any CPU
	EndGlobalSection
	GlobalSection(SolutionProperties) = preSolution
		HideSolutionNode = FALSE
	EndGlobalSection
	GlobalSection(ExtensibilityGlobals) = postSolution
		SolutionGuid = {3985CA80-5F4F-457B-A152-CB7C24A4DAFA}
	EndGlobalSection
EndGlobal
